{
  "name": "hispadic-cf",
  "version": "1.0.0",
  "lockfileVersion": 1,
  "requires": true,
  "dependencies": {
    "edict-index": {
      "version": "0.0.2",
      "resolved": "https://registry.npmjs.org/edict-index/-/edict-index-0.0.2.tgz",
      "integrity": "sha512-DfcJU9YsAehT1lRNdLeYE/gQifCCASx4iOLzzcWgJu6jHvNtkobA6yFIpsSUrKHiU+v285Qa8abBzOp5z6m22w==",
      "requires": {
        "flexsearch": "^0.6.23"
      }
    },
    "flexsearch": {
      "version": "0.6.32",
      "resolved": "https://registry.npmjs.org/flexsearch/-/flexsearch-0.6.32.tgz",
      "integrity": "sha512-EF1BWkhwoeLtbIlDbY/vDSLBen/E5l/f1Vg7iX5CDymQCamcx1vhlc3tIZxIDplPjgi0jhG37c67idFbjg+v+Q=="
    }
  }
}
