{
  "name": "kotoba_worker",
  "version": "1.0.0",
  "lockfileVersion": 1,
  "requires": true,
  "dependencies": {
    "@arr/every": {
      "version": "1.0.0",
      "resolved": "https://registry.npmjs.org/@arr/every/-/every-1.0.0.tgz",
      "integrity": "sha1-MU+BaPUK5IoDLP2tX9tDb0ZKl6w="
    },
    "@polka/send-type": {
      "version": "0.5.2",
      "resolved": "https://registry.npmjs.org/@polka/send-type/-/send-type-0.5.2.tgz",
      "integrity": "sha512-jGXalKihnhGQmMQ+xxfxrRfI2cWs38TIZuwgYpnbQDD4r9TkOiU3ocjAS+6CqqMNQNAu9Ul2iHU5YFRDODak2w=="
    },
    "@polka/url": {
      "version": "0.5.0",
      "resolved": "https://registry.npmjs.org/@polka/url/-/url-0.5.0.tgz",
      "integrity": "sha512-oZLYFEAzUKyi3SKnXvj32ZCEGH6RDnao7COuCVhDydMS9NrCSVXhM79VaKyP5+Zc33m0QXEd2DN3UkU7OsHcfw=="
    },
    "kotoba-node-common": {
      "version": "file:../node-common",
      "requires": {
        "mkdirp": "^0.5.1",
        "mongoose": "^5.5.1"
      },
      "dependencies": {
        "async": {
          "version": "2.6.2",
          "bundled": true,
          "requires": {
            "lodash": "^4.17.11"
          }
        },
        "bluebird": {
          "version": "3.5.1",
          "bundled": true
        },
        "bson": {
          "version": "1.1.1",
          "bundled": true
        },
        "debug": {
          "version": "3.1.0",
          "bundled": true,
          "requires": {
            "ms": "2.0.0"
          },
          "dependencies": {
            "ms": {
              "version": "2.0.0",
              "bundled": true
            }
          }
        },
        "kareem": {
          "version": "2.3.0",
          "bundled": true
        },
        "lodash": {
          "version": "4.17.14",
          "bundled": true
        },
        "memory-pager": {
          "version": "1.5.0",
          "bundled": true,
          "optional": true
        },
        "minimist": {
          "version": "0.0.8",
          "bundled": true
        },
        "mkdirp": {
          "version": "0.5.1",
          "bundled": true,
          "requires": {
            "minimist": "0.0.8"
          }
        },
        "mongodb": {
          "version": "3.2.7",
          "bundled": true,
          "requires": {
            "mongodb-core": "3.2.7",
            "safe-buffer": "^5.1.2"
          }
        },
        "mongodb-core": {
          "version": "3.2.7",
          "bundled": true,
          "requires": {
            "bson": "^1.1.1",
            "require_optional": "^1.0.1",
            "safe-buffer": "^5.1.2",
            "saslprep": "^1.0.0"
          }
        },
        "mongoose": {
          "version": "5.6.4",
          "bundled": true,
          "requires": {
            "async": "2.6.2",
            "bson": "~1.1.1",
            "kareem": "2.3.0",
            "mongodb": "3.2.7",
            "mongodb-core": "3.2.7",
            "mongoose-legacy-pluralize": "1.0.2",
            "mpath": "0.6.0",
            "mquery": "3.2.1",
            "ms": "2.1.2",
            "regexp-clone": "1.0.0",
            "safe-buffer": "5.1.2",
            "sift": "7.0.1",
            "sliced": "1.0.1"
          }
        },
        "mongoose-legacy-pluralize": {
          "version": "1.0.2",
          "bundled": true
        },
        "mpath": {
          "version": "0.6.0",
          "bundled": true
        },
        "mquery": {
          "version": "3.2.1",
          "bundled": true,
          "requires": {
            "bluebird": "3.5.1",
            "debug": "3.1.0",
            "regexp-clone": "^1.0.0",
            "safe-buffer": "5.1.2",
            "sliced": "1.0.1"
          }
        },
        "ms": {
          "version": "2.1.2",
          "bundled": true
        },
        "regexp-clone": {
          "version": "1.0.0",
          "bundled": true
        },
        "require_optional": {
          "version": "1.0.1",
          "bundled": true,
          "requires": {
            "resolve-from": "^2.0.0",
            "semver": "^5.1.0"
          }
        },
        "resolve-from": {
          "version": "2.0.0",
          "bundled": true
        },
        "safe-buffer": {
          "version": "5.1.2",
          "bundled": true
        },
        "saslprep": {
          "version": "1.0.3",
          "bundled": true,
          "optional": true,
          "requires": {
            "sparse-bitfield": "^3.0.3"
          }
        },
        "semver": {
          "version": "5.7.0",
          "bundled": true
        },
        "sift": {
          "version": "7.0.1",
          "bundled": true
        },
        "sliced": {
          "version": "1.0.1",
          "bundled": true
        },
        "sparse-bitfield": {
          "version": "3.0.3",
          "bundled": true,
          "optional": true,
          "requires": {
            "memory-pager": "^1.0.2"
          }
        }
      }
    },
    "matchit": {
      "version": "1.0.8",
      "resolved": "https://registry.npmjs.org/matchit/-/matchit-1.0.8.tgz",
      "integrity": "sha512-CwPPICzozd/ezCzpVwGYG5bMVieaapnA0vvHDQnmQ2u2vZtVLynoPmvFsZjL67hFOvTBhhpqSR0bq3uloDP/Rw==",
      "requires": {
        "@arr/every": "^1.0.0"
      }
    },
    "polka": {
      "version": "0.5.2",
      "resolved": "https://registry.npmjs.org/polka/-/polka-0.5.2.tgz",
      "integrity": "sha512-FVg3vDmCqP80tOrs+OeNlgXYmFppTXdjD5E7I4ET1NjvtNmQrb1/mJibybKkb/d4NA7YWAr1ojxuhpL3FHqdlw==",
      "requires": {
        "@polka/url": "^0.5.0",
        "trouter": "^2.0.1"
      }
    },
    "trouter": {
      "version": "2.0.1",
      "resolved": "https://registry.npmjs.org/trouter/-/trouter-2.0.1.tgz",
      "integrity": "sha512-kr8SKKw94OI+xTGOkfsvwZQ8mWoikZDd2n8XZHjJVZUARZT+4/VV6cacRS6CLsH9bNm+HFIPU1Zx4CnNnb4qlQ==",
      "requires": {
        "matchit": "^1.0.0"
      }
    }
  }
}
